{
  "version": "0.1.3",
  "name": "kars-monorepo",
  "problems": [
    "extraneous: tslib@2.8.1 /Users/paulo/Documents/Proyectos/Trabajo/AreaFDesign/Web Kars React/node_modules/tslib"
  ],
  "dependencies": {
    "kars-api": {
      "version": "0.1.3",
      "resolved": "file:../kars-api",
      "overridden": false,
      "dependencies": {
        "@prisma/client": {
          "version": "6.12.0",
          "resolved": "https://registry.npmjs.org/@prisma/client/-/client-6.12.0.tgz",
          "overridden": false
        },
        "@types/bcrypt": {
          "version": "5.0.2",
          "resolved": "https://registry.npmjs.org/@types/bcrypt/-/bcrypt-5.0.2.tgz",
          "overridden": false
        },
        "@types/compression": {
          "version": "1.8.1",
          "resolved": "https://registry.npmjs.org/@types/compression/-/compression-1.8.1.tgz",
          "overridden": false
        },
        "@types/cors": {
          "version": "2.8.19",
          "resolved": "https://registry.npmjs.org/@types/cors/-/cors-2.8.19.tgz",
          "overridden": false
        },
        "@types/express": {
          "version": "4.17.23",
          "resolved": "https://registry.npmjs.org/@types/express/-/express-4.17.23.tgz",
          "overridden": false
        },
        "@types/jsonwebtoken": {
          "version": "9.0.10",
          "resolved": "https://registry.npmjs.org/@types/jsonwebtoken/-/jsonwebtoken-9.0.10.tgz",
          "overridden": false
        },
        "@types/multer": {
          "version": "1.4.13",
          "resolved": "https://registry.npmjs.org/@types/multer/-/multer-1.4.13.tgz",
          "overridden": false
        },
        "@types/node-cron": {
          "version": "3.0.11",
          "resolved": "https://registry.npmjs.org/@types/node-cron/-/node-cron-3.0.11.tgz",
          "overridden": false
        },
        "@types/node": {
          "version": "20.19.9",
          "resolved": "https://registry.npmjs.org/@types/node/-/node-20.19.9.tgz",
          "overridden": false
        },
        "@types/sharp": {
          "version": "0.32.0",
          "resolved": "https://registry.npmjs.org/@types/sharp/-/sharp-0.32.0.tgz",
          "overridden": false
        },
        "axios": {
          "version": "1.10.0",
          "resolved": "https://registry.npmjs.org/axios/-/axios-1.10.0.tgz",
          "overridden": false
        },
        "bcrypt": {
          "version": "5.1.1",
          "resolved": "https://registry.npmjs.org/bcrypt/-/bcrypt-5.1.1.tgz",
          "overridden": false
        },
        "compression": {
          "version": "1.8.1",
          "resolved": "https://registry.npmjs.org/compression/-/compression-1.8.1.tgz",
          "overridden": false
        },
        "cors": {
          "version": "2.8.5",
          "resolved": "https://registry.npmjs.org/cors/-/cors-2.8.5.tgz",
          "overridden": false
        },
        "dotenv": {
          "version": "16.6.1",
          "resolved": "https://registry.npmjs.org/dotenv/-/dotenv-16.6.1.tgz",
          "overridden": false
        },
        "express": {
          "version": "4.21.2",
          "resolved": "https://registry.npmjs.org/express/-/express-4.21.2.tgz",
          "overridden": false
        },
        "helmet": {
          "version": "7.2.0",
          "resolved": "https://registry.npmjs.org/helmet/-/helmet-7.2.0.tgz",
          "overridden": false
        },
        "jsonwebtoken": {
          "version": "9.0.2",
          "resolved": "https://registry.npmjs.org/jsonwebtoken/-/jsonwebtoken-9.0.2.tgz",
          "overridden": false
        },
        "mongodb": {
          "version": "6.18.0",
          "resolved": "https://registry.npmjs.org/mongodb/-/mongodb-6.18.0.tgz",
          "overridden": false
        },
        "multer": {
          "version": "1.4.5-lts.2",
          "resolved": "https://registry.npmjs.org/multer/-/multer-1.4.5-lts.2.tgz",
          "overridden": false
        },
        "node-cron": {
          "version": "3.0.3",
          "resolved": "https://registry.npmjs.org/node-cron/-/node-cron-3.0.3.tgz",
          "overridden": false
        },
        "nodemon": {
          "version": "3.1.10",
          "resolved": "https://registry.npmjs.org/nodemon/-/nodemon-3.1.10.tgz",
          "overridden": false
        },
        "prisma": {
          "version": "6.12.0",
          "resolved": "https://registry.npmjs.org/prisma/-/prisma-6.12.0.tgz",
          "overridden": false
        },
        "sharp": {
          "version": "0.33.5",
          "resolved": "https://registry.npmjs.org/sharp/-/sharp-0.33.5.tgz",
          "overridden": false
        },
        "ts-node": {
          "version": "10.9.2",
          "resolved": "https://registry.npmjs.org/ts-node/-/ts-node-10.9.2.tgz",
          "overridden": false
        },
        "typescript": {
          "version": "5.8.3",
          "resolved": "https://registry.npmjs.org/typescript/-/typescript-5.8.3.tgz",
          "overridden": false
        }
      }
    },
    "tslib": {
      "version": "2.8.1",
      "resolved": "https://registry.npmjs.org/tslib/-/tslib-2.8.1.tgz",
      "overridden": false,
      "extraneous": true,
      "problems": [
        "extraneous: tslib@2.8.1 /Users/paulo/Documents/Proyectos/Trabajo/AreaFDesign/Web Kars React/node_modules/tslib"
      ]
    }
  }
}
